
Microsoft Visual Studio Solution File, Format Version 12.00
# Visual Studio Version 17
VisualStudioVersion = 17.0.31903.59
MinimumVisualStudioVersion = 10.0.40219.1
Project("{2150E333-8FDC-42A3-9474-1A3956D46DE8}") = "src", "src", "{39BFA37F-546D-4D97-9397-29F39E99CF83}"
EndProject
Project("{FAE04EC0-301F-11D3-BF4B-00C04F79EFBC}") = "WorkoutApp.Domain", "src\WorkoutApp.Domain\WorkoutApp.Domain.csproj", "{B441B36B-CEAA-477C-AAA9-19A7FDA87EA6}"
EndProject
Project("{FAE04EC0-301F-11D3-BF4B-00C04F79EFBC}") = "WorkoutApp.App", "src\WorkoutApp.App\WorkoutApp.App.csproj", "{0A5902B6-B78A-4681-9D4D-B689E698527E}"
EndProject
Project("{FAE04EC0-301F-11D3-BF4B-00C04F79EFBC}") = "WorkoutApp.Infra", "src\WorkoutApp.Infra\WorkoutApp.Infra.csproj", "{15D6A451-F282-4753-9533-8D81FCEEBA03}"
EndProject
Project("{FAE04EC0-301F-11D3-BF4B-00C04F79EFBC}") = "WorkoutApp.UI.Mvc", "src\WorkoutApp.UI.Mvc\WorkoutApp.UI.Mvc.csproj", "{D54808FC-D71D-4600-AE15-8DADEE5850EC}"
EndProject
Global
	GlobalSection(SolutionConfigurationPlatforms) = preSolution
		Debug|Any CPU = Debug|Any CPU
		Release|Any CPU = Release|Any CPU
	EndGlobalSection
	GlobalSection(SolutionProperties) = preSolution
		HideSolutionNode = FALSE
	EndGlobalSection
	GlobalSection(ProjectConfigurationPlatforms) = postSolution
		{B441B36B-CEAA-477C-AAA9-19A7FDA87EA6}.Debug|Any CPU.ActiveCfg = Debug|Any CPU
		{B441B36B-CEAA-477C-AAA9-19A7FDA87EA6}.Debug|Any CPU.Build.0 = Debug|Any CPU
		{B441B36B-CEAA-477C-AAA9-19A7FDA87EA6}.Release|Any CPU.ActiveCfg = Release|Any CPU
		{B441B36B-CEAA-477C-AAA9-19A7FDA87EA6}.Release|Any CPU.Build.0 = Release|Any CPU
		{0A5902B6-B78A-4681-9D4D-B689E698527E}.Debug|Any CPU.ActiveCfg = Debug|Any CPU
		{0A5902B6-B78A-4681-9D4D-B689E698527E}.Debug|Any CPU.Build.0 = Debug|Any CPU
		{0A5902B6-B78A-4681-9D4D-B689E698527E}.Release|Any CPU.ActiveCfg = Release|Any CPU
		{0A5902B6-B78A-4681-9D4D-B689E698527E}.Release|Any CPU.Build.0 = Release|Any CPU
		{15D6A451-F282-4753-9533-8D81FCEEBA03}.Debug|Any CPU.ActiveCfg = Debug|Any CPU
		{15D6A451-F282-4753-9533-8D81FCEEBA03}.Debug|Any CPU.Build.0 = Debug|Any CPU
		{15D6A451-F282-4753-9533-8D81FCEEBA03}.Release|Any CPU.ActiveCfg = Release|Any CPU
		{15D6A451-F282-4753-9533-8D81FCEEBA03}.Release|Any CPU.Build.0 = Release|Any CPU
		{D54808FC-D71D-4600-AE15-8DADEE5850EC}.Debug|Any CPU.ActiveCfg = Debug|Any CPU
		{D54808FC-D71D-4600-AE15-8DADEE5850EC}.Debug|Any CPU.Build.0 = Debug|Any CPU
		{D54808FC-D71D-4600-AE15-8DADEE5850EC}.Release|Any CPU.ActiveCfg = Release|Any CPU
		{D54808FC-D71D-4600-AE15-8DADEE5850EC}.Release|Any CPU.Build.0 = Release|Any CPU
	EndGlobalSection
	GlobalSection(NestedProjects) = preSolution
		{B441B36B-CEAA-477C-AAA9-19A7FDA87EA6} = {39BFA37F-546D-4D97-9397-29F39E99CF83}
		{0A5902B6-B78A-4681-9D4D-B689E698527E} = {39BFA37F-546D-4D97-9397-29F39E99CF83}
		{15D6A451-F282-4753-9533-8D81FCEEBA03} = {39BFA37F-546D-4D97-9397-29F39E99CF83}
		{D54808FC-D71D-4600-AE15-8DADEE5850EC} = {39BFA37F-546D-4D97-9397-29F39E99CF83}
	EndGlobalSection
EndGlobal
